
Microsoft Visual Studio Solution File, Format Version 12.00
# Visual Studio Version 16
VisualStudioVersion = 16.0.30320.27
MinimumVisualStudioVersion = 10.0.40219.1
Project("{FAE04EC0-301F-11D3-BF4B-00C04F79EFBC}") = "Estacionamento", "Estacionamento\Estacionamento.csproj", "{AF0C984B-7A75-4C39-B4EE-2ACA625934F9}"
EndProject
Global
	GlobalSection(SolutionConfigurationPlatforms) = preSolution
		Debug|Any CPU = Debug|Any CPU
		Release|Any CPU = Release|Any CPU
	EndGlobalSection
	GlobalSection(ProjectConfigurationPlatforms) = postSolution
		{AF0C984B-7A75-4C39-B4EE-2ACA625934F9}.Debug|Any CPU.ActiveCfg = Debug|Any CPU
		{AF0C984B-7A75-4C39-B4EE-2ACA625934F9}.Debug|Any CPU.Build.0 = Debug|Any CPU
		{AF0C984B-7A75-4C39-B4EE-2ACA625934F9}.Release|Any CPU.ActiveCfg = Release|Any CPU
		{AF0C984B-7A75-4C39-B4EE-2ACA625934F9}.Release|Any CPU.Build.0 = Release|Any CPU
	EndGlobalSection
	GlobalSection(SolutionProperties) = preSolution
		HideSolutionNode = FALSE
	EndGlobalSection
	GlobalSection(ExtensibilityGlobals) = postSolution
		SolutionGuid = {B20EA2F1-D3AE-452C-86DF-40B8B104448F}
	EndGlobalSection
EndGlobal
